// !$*UTF8*$!
{
	archiveVersion = 1;
	classes = {
	};
	objectVersion = 55;
	objects = {

/* Begin PBXBuildFile section */
		1A097BC78746857C489F0867 /* Pods_BookMyTable_BookMyTableUITests.framework in Frameworks */ = {isa = PBXBuildFile; fileRef = 6CECB9B3B9128D06564CEEDE /* Pods_BookMyTable_BookMyTableUITests.framework */; };
		72BA302B3C0DCED2F4D228A3 /* Pods_BookMyTableTests.framework in Frameworks */ = {isa = PBXBuildFile; fileRef = A3D70020C58937F68D1C58A7 /* Pods_BookMyTableTests.framework */; };
		9C007689B4C1DA0A0F27E858 /* Pods_BookMyTable.framework in Frameworks */ = {isa = PBXBuildFile; fileRef = FBBC80B5247CA64A7B43904E /* Pods_BookMyTable.framework */; };
		E53C6A402A03EA4F002267D8 /* RestaurantTableViewCell.swift in Sources */ = {isa = PBXBuildFile; fileRef = E53C6A3F2A03EA4F002267D8 /* RestaurantTableViewCell.swift */; };
		E53C6A422A03EBD9002267D8 /* RestaurantData.swift in Sources */ = {isa = PBXBuildFile; fileRef = E53C6A412A03EBD9002267D8 /* RestaurantData.swift */; };
		E55B47FA2A08F66800C16A85 /* RestaurantViewController.swift in Sources */ = {isa = PBXBuildFile; fileRef = E55B47F92A08F66800C16A85 /* RestaurantViewController.swift */; };
		E55B47FC2A08F6A200C16A85 /* ReservationViewController.swift in Sources */ = {isa = PBXBuildFile; fileRef = E55B47FB2A08F6A200C16A85 /* ReservationViewController.swift */; };
		E55B47FE2A08F6CE00C16A85 /* StatusViewController.swift in Sources */ = {isa = PBXBuildFile; fileRef = E55B47FD2A08F6CE00C16A85 /* StatusViewController.swift */; };
		E55B48002A090BAC00C16A85 /* RestaurantDetailData.swift in Sources */ = {isa = PBXBuildFile; fileRef = E55B47FF2A090BAC00C16A85 /* RestaurantDetailData.swift */; };
		E55B48022A090CD400C16A85 /* MenuData.swift in Sources */ = {isa = PBXBuildFile; fileRef = E55B48012A090CD400C16A85 /* MenuData.swift */; };
		E55B48042A090E5700C16A85 /* ReservationData.swift in Sources */ = {isa = PBXBuildFile; fileRef = E55B48032A090E5700C16A85 /* ReservationData.swift */; };
		E55CFD0D29F85BD90022CF9B /* MapViewController.swift in Sources */ = {isa = PBXBuildFile; fileRef = E55CFD0C29F85BD90022CF9B /* MapViewController.swift */; };
		E55CFD0F29F85BEC0022CF9B /* MapPresenter.swift in Sources */ = {isa = PBXBuildFile; fileRef = E55CFD0E29F85BEC0022CF9B /* MapPresenter.swift */; };
		E57358442A093E71009315DB /* RestaurantView.swift in Sources */ = {isa = PBXBuildFile; fileRef = E57358432A093E71009315DB /* RestaurantView.swift */; };
		E57358462A093F83009315DB /* MenuViewContoller.swift in Sources */ = {isa = PBXBuildFile; fileRef = E57358452A093F83009315DB /* MenuViewContoller.swift */; };
		E57358482A09430B009315DB /* AuthenticationViewController.swift in Sources */ = {isa = PBXBuildFile; fileRef = E57358472A09430B009315DB /* AuthenticationViewController.swift */; };
		E573584A2A0946FF009315DB /* VerifyPhoneViewController.swift in Sources */ = {isa = PBXBuildFile; fileRef = E57358492A0946FF009315DB /* VerifyPhoneViewController.swift */; };
		E573584C2A0947D7009315DB /* StartViewController.swift in Sources */ = {isa = PBXBuildFile; fileRef = E573584B2A0947D7009315DB /* StartViewController.swift */; };
		E573584E2A0949E0009315DB /* ReviewData.swift in Sources */ = {isa = PBXBuildFile; fileRef = E573584D2A0949E0009315DB /* ReviewData.swift */; };
		E5991E8729A905D90056DE75 /* RegistrationPresenter.swift in Sources */ = {isa = PBXBuildFile; fileRef = E5991E8629A905D90056DE75 /* RegistrationPresenter.swift */; };
		E5CFB9C829FFD8520027619A /* Localizable.strings in Resources */ = {isa = PBXBuildFile; fileRef = E5CFB9C729FFD8520027619A /* Localizable.strings */; };
		E5CFB9CA29FFDB490027619A /* Strings+Generated.swift in Sources */ = {isa = PBXBuildFile; fileRef = E5CFB9C929FFDB490027619A /* Strings+Generated.swift */; };
		E5E09B5A29A51A00001503BF /* AppDelegate.swift in Sources */ = {isa = PBXBuildFile; fileRef = E5E09B5929A51A00001503BF /* AppDelegate.swift */; };
		E5E09B5C29A51A00001503BF /* SceneDelegate.swift in Sources */ = {isa = PBXBuildFile; fileRef = E5E09B5B29A51A00001503BF /* SceneDelegate.swift */; };
		E5E09B5E29A51A00001503BF /* RegistrationViewController.swift in Sources */ = {isa = PBXBuildFile; fileRef = E5E09B5D29A51A00001503BF /* RegistrationViewController.swift */; };
		E5E09B6429A51A00001503BF /* BookMyTable.xcdatamodeld in Sources */ = {isa = PBXBuildFile; fileRef = E5E09B6229A51A00001503BF /* BookMyTable.xcdatamodeld */; };
		E5E09B6629A51A03001503BF /* Assets.xcassets in Resources */ = {isa = PBXBuildFile; fileRef = E5E09B6529A51A03001503BF /* Assets.xcassets */; };
		E5E09B6929A51A03001503BF /* LaunchScreen.storyboard in Resources */ = {isa = PBXBuildFile; fileRef = E5E09B6729A51A03001503BF /* LaunchScreen.storyboard */; };
		E5E09B7429A51A04001503BF /* BookMyTableTests.swift in Sources */ = {isa = PBXBuildFile; fileRef = E5E09B7329A51A04001503BF /* BookMyTableTests.swift */; };
		E5E09B7E29A51A04001503BF /* BookMyTableUITests.swift in Sources */ = {isa = PBXBuildFile; fileRef = E5E09B7D29A51A04001503BF /* BookMyTableUITests.swift */; };
		E5E09B8029A51A04001503BF /* BookMyTableUITestsLaunchTests.swift in Sources */ = {isa = PBXBuildFile; fileRef = E5E09B7F29A51A04001503BF /* BookMyTableUITestsLaunchTests.swift */; };
/* End PBXBuildFile section */

/* Begin PBXContainerItemProxy section */
		E5E09B7029A51A04001503BF /* PBXContainerItemProxy */ = {
			isa = PBXContainerItemProxy;
			containerPortal = E5E09B4E29A51A00001503BF /* Project object */;
			proxyType = 1;
			remoteGlobalIDString = E5E09B5529A51A00001503BF;
			remoteInfo = BookMyTable;
		};
		E5E09B7A29A51A04001503BF /* PBXContainerItemProxy */ = {
			isa = PBXContainerItemProxy;
			containerPortal = E5E09B4E29A51A00001503BF /* Project object */;
			proxyType = 1;
			remoteGlobalIDString = E5E09B5529A51A00001503BF;
			remoteInfo = BookMyTable;
		};
/* End PBXContainerItemProxy section */

/* Begin PBXFileReference section */
		18C77DE7AD0B8EBCD3C21004 /* Pods-BookMyTable-BookMyTableUITests.release.xcconfig */ = {isa = PBXFileReference; includeInIndex = 1; lastKnownFileType = text.xcconfig; name = "Pods-BookMyTable-BookMyTableUITests.release.xcconfig"; path = "Target Support Files/Pods-BookMyTable-BookMyTableUITests/Pods-BookMyTable-BookMyTableUITests.release.xcconfig"; sourceTree = "<group>"; };
		27EEEBA33FC0BD6F12B9DBF6 /* Pods-BookMyTable.release.xcconfig */ = {isa = PBXFileReference; includeInIndex = 1; lastKnownFileType = text.xcconfig; name = "Pods-BookMyTable.release.xcconfig"; path = "Target Support Files/Pods-BookMyTable/Pods-BookMyTable.release.xcconfig"; sourceTree = "<group>"; };
		4C5EC747486BE690FEEB7707 /* Pods-BookMyTable-BookMyTableUITests.debug.xcconfig */ = {isa = PBXFileReference; includeInIndex = 1; lastKnownFileType = text.xcconfig; name = "Pods-BookMyTable-BookMyTableUITests.debug.xcconfig"; path = "Target Support Files/Pods-BookMyTable-BookMyTableUITests/Pods-BookMyTable-BookMyTableUITests.debug.xcconfig"; sourceTree = "<group>"; };
		6BBC41277B5ADBA6CFB87A78 /* Pods-BookMyTableTests.release.xcconfig */ = {isa = PBXFileReference; includeInIndex = 1; lastKnownFileType = text.xcconfig; name = "Pods-BookMyTableTests.release.xcconfig"; path = "Target Support Files/Pods-BookMyTableTests/Pods-BookMyTableTests.release.xcconfig"; sourceTree = "<group>"; };
		6CECB9B3B9128D06564CEEDE /* Pods_BookMyTable_BookMyTableUITests.framework */ = {isa = PBXFileReference; explicitFileType = wrapper.framework; includeInIndex = 0; path = Pods_BookMyTable_BookMyTableUITests.framework; sourceTree = BUILT_PRODUCTS_DIR; };
		A3D70020C58937F68D1C58A7 /* Pods_BookMyTableTests.framework */ = {isa = PBXFileReference; explicitFileType = wrapper.framework; includeInIndex = 0; path = Pods_BookMyTableTests.framework; sourceTree = BUILT_PRODUCTS_DIR; };
		AB247AD67679FDE3F55420BF /* Pods-BookMyTable.debug.xcconfig */ = {isa = PBXFileReference; includeInIndex = 1; lastKnownFileType = text.xcconfig; name = "Pods-BookMyTable.debug.xcconfig"; path = "Target Support Files/Pods-BookMyTable/Pods-BookMyTable.debug.xcconfig"; sourceTree = "<group>"; };
		CBD366343A6309C016CE7727 /* Pods-BookMyTableTests.debug.xcconfig */ = {isa = PBXFileReference; includeInIndex = 1; lastKnownFileType = text.xcconfig; name = "Pods-BookMyTableTests.debug.xcconfig"; path = "Target Support Files/Pods-BookMyTableTests/Pods-BookMyTableTests.debug.xcconfig"; sourceTree = "<group>"; };
		E53C6A3F2A03EA4F002267D8 /* RestaurantTableViewCell.swift */ = {isa = PBXFileReference; lastKnownFileType = sourcecode.swift; path = RestaurantTableViewCell.swift; sourceTree = "<group>"; };
		E53C6A412A03EBD9002267D8 /* RestaurantData.swift */ = {isa = PBXFileReference; lastKnownFileType = sourcecode.swift; path = RestaurantData.swift; sourceTree = "<group>"; };
		E55B47F92A08F66800C16A85 /* RestaurantViewController.swift */ = {isa = PBXFileReference; lastKnownFileType = sourcecode.swift; path = RestaurantViewController.swift; sourceTree = "<group>"; };
		E55B47FB2A08F6A200C16A85 /* ReservationViewController.swift */ = {isa = PBXFileReference; lastKnownFileType = sourcecode.swift; path = ReservationViewController.swift; sourceTree = "<group>"; };
		E55B47FD2A08F6CE00C16A85 /* StatusViewController.swift */ = {isa = PBXFileReference; lastKnownFileType = sourcecode.swift; path = StatusViewController.swift; sourceTree = "<group>"; };
		E55B47FF2A090BAC00C16A85 /* RestaurantDetailData.swift */ = {isa = PBXFileReference; lastKnownFileType = sourcecode.swift; path = RestaurantDetailData.swift; sourceTree = "<group>"; };
		E55B48012A090CD400C16A85 /* MenuData.swift */ = {isa = PBXFileReference; lastKnownFileType = sourcecode.swift; path = MenuData.swift; sourceTree = "<group>"; };
		E55B48032A090E5700C16A85 /* ReservationData.swift */ = {isa = PBXFileReference; lastKnownFileType = sourcecode.swift; path = ReservationData.swift; sourceTree = "<group>"; };
		E55CFD0C29F85BD90022CF9B /* MapViewController.swift */ = {isa = PBXFileReference; lastKnownFileType = sourcecode.swift; path = MapViewController.swift; sourceTree = "<group>"; };
		E55CFD0E29F85BEC0022CF9B /* MapPresenter.swift */ = {isa = PBXFileReference; lastKnownFileType = sourcecode.swift; path = MapPresenter.swift; sourceTree = "<group>"; };
		E57358432A093E71009315DB /* RestaurantView.swift */ = {isa = PBXFileReference; lastKnownFileType = sourcecode.swift; path = RestaurantView.swift; sourceTree = "<group>"; };
		E57358452A093F83009315DB /* MenuViewContoller.swift */ = {isa = PBXFileReference; lastKnownFileType = sourcecode.swift; path = MenuViewContoller.swift; sourceTree = "<group>"; };
		E57358472A09430B009315DB /* AuthenticationViewController.swift */ = {isa = PBXFileReference; lastKnownFileType = sourcecode.swift; path = AuthenticationViewController.swift; sourceTree = "<group>"; };
		E57358492A0946FF009315DB /* VerifyPhoneViewController.swift */ = {isa = PBXFileReference; lastKnownFileType = sourcecode.swift; path = VerifyPhoneViewController.swift; sourceTree = "<group>"; };
		E573584B2A0947D7009315DB /* StartViewController.swift */ = {isa = PBXFileReference; lastKnownFileType = sourcecode.swift; path = StartViewController.swift; sourceTree = "<group>"; };
		E573584D2A0949E0009315DB /* ReviewData.swift */ = {isa = PBXFileReference; lastKnownFileType = sourcecode.swift; path = ReviewData.swift; sourceTree = "<group>"; };
		E5991E8629A905D90056DE75 /* RegistrationPresenter.swift */ = {isa = PBXFileReference; lastKnownFileType = sourcecode.swift; path = RegistrationPresenter.swift; sourceTree = "<group>"; };
		E5CFB9C729FFD8520027619A /* Localizable.strings */ = {isa = PBXFileReference; lastKnownFileType = text.plist.strings; path = Localizable.strings; sourceTree = "<group>"; };
		E5CFB9C929FFDB490027619A /* Strings+Generated.swift */ = {isa = PBXFileReference; fileEncoding = 4; lastKnownFileType = sourcecode.swift; path = "Strings+Generated.swift"; sourceTree = "<group>"; };
		E5E09B5629A51A00001503BF /* BookMyTable.app */ = {isa = PBXFileReference; explicitFileType = wrapper.application; includeInIndex = 0; path = BookMyTable.app; sourceTree = BUILT_PRODUCTS_DIR; };
		E5E09B5929A51A00001503BF /* AppDelegate.swift */ = {isa = PBXFileReference; lastKnownFileType = sourcecode.swift; path = AppDelegate.swift; sourceTree = "<group>"; };
		E5E09B5B29A51A00001503BF /* SceneDelegate.swift */ = {isa = PBXFileReference; lastKnownFileType = sourcecode.swift; path = SceneDelegate.swift; sourceTree = "<group>"; };
		E5E09B5D29A51A00001503BF /* RegistrationViewController.swift */ = {isa = PBXFileReference; lastKnownFileType = sourcecode.swift; path = RegistrationViewController.swift; sourceTree = "<group>"; };
		E5E09B6329A51A00001503BF /* BookMyTable.xcdatamodel */ = {isa = PBXFileReference; lastKnownFileType = wrapper.xcdatamodel; path = BookMyTable.xcdatamodel; sourceTree = "<group>"; };
		E5E09B6529A51A03001503BF /* Assets.xcassets */ = {isa = PBXFileReference; lastKnownFileType = folder.assetcatalog; path = Assets.xcassets; sourceTree = "<group>"; };
		E5E09B6829A51A03001503BF /* Base */ = {isa = PBXFileReference; lastKnownFileType = file.storyboard; name = Base; path = Base.lproj/LaunchScreen.storyboard; sourceTree = "<group>"; };
		E5E09B6A29A51A03001503BF /* Info.plist */ = {isa = PBXFileReference; lastKnownFileType = text.plist.xml; path = Info.plist; sourceTree = "<group>"; };
		E5E09B6F29A51A04001503BF /* BookMyTableTests.xctest */ = {isa = PBXFileReference; explicitFileType = wrapper.cfbundle; includeInIndex = 0; path = BookMyTableTests.xctest; sourceTree = BUILT_PRODUCTS_DIR; };
		E5E09B7329A51A04001503BF /* BookMyTableTests.swift */ = {isa = PBXFileReference; lastKnownFileType = sourcecode.swift; path = BookMyTableTests.swift; sourceTree = "<group>"; };
		E5E09B7929A51A04001503BF /* BookMyTableUITests.xctest */ = {isa = PBXFileReference; explicitFileType = wrapper.cfbundle; includeInIndex = 0; path = BookMyTableUITests.xctest; sourceTree = BUILT_PRODUCTS_DIR; };
		E5E09B7D29A51A04001503BF /* BookMyTableUITests.swift */ = {isa = PBXFileReference; lastKnownFileType = sourcecode.swift; path = BookMyTableUITests.swift; sourceTree = "<group>"; };
		E5E09B7F29A51A04001503BF /* BookMyTableUITestsLaunchTests.swift */ = {isa = PBXFileReference; lastKnownFileType = sourcecode.swift; path = BookMyTableUITestsLaunchTests.swift; sourceTree = "<group>"; };
		FBBC80B5247CA64A7B43904E /* Pods_BookMyTable.framework */ = {isa = PBXFileReference; explicitFileType = wrapper.framework; includeInIndex = 0; path = Pods_BookMyTable.framework; sourceTree = BUILT_PRODUCTS_DIR; };
/* End PBXFileReference section */

/* Begin PBXFrameworksBuildPhase section */
		E5E09B5329A51A00001503BF /* Frameworks */ = {
			isa = PBXFrameworksBuildPhase;
			buildActionMask = 2147483647;
			files = (
				9C007689B4C1DA0A0F27E858 /* Pods_BookMyTable.framework in Frameworks */,
			);
			runOnlyForDeploymentPostprocessing = 0;
		};
		E5E09B6C29A51A04001503BF /* Frameworks */ = {
			isa = PBXFrameworksBuildPhase;
			buildActionMask = 2147483647;
			files = (
				72BA302B3C0DCED2F4D228A3 /* Pods_BookMyTableTests.framework in Frameworks */,
			);
			runOnlyForDeploymentPostprocessing = 0;
		};
		E5E09B7629A51A04001503BF /* Frameworks */ = {
			isa = PBXFrameworksBuildPhase;
			buildActionMask = 2147483647;
			files = (
				1A097BC78746857C489F0867 /* Pods_BookMyTable_BookMyTableUITests.framework in Frameworks */,
			);
			runOnlyForDeploymentPostprocessing = 0;
		};
/* End PBXFrameworksBuildPhase section */

/* Begin PBXGroup section */
		158922DCF2F0802DB5E46A8E /* Pods */ = {
			isa = PBXGroup;
			children = (
				AB247AD67679FDE3F55420BF /* Pods-BookMyTable.debug.xcconfig */,
				27EEEBA33FC0BD6F12B9DBF6 /* Pods-BookMyTable.release.xcconfig */,
				4C5EC747486BE690FEEB7707 /* Pods-BookMyTable-BookMyTableUITests.debug.xcconfig */,
				18C77DE7AD0B8EBCD3C21004 /* Pods-BookMyTable-BookMyTableUITests.release.xcconfig */,
				CBD366343A6309C016CE7727 /* Pods-BookMyTableTests.debug.xcconfig */,
				6BBC41277B5ADBA6CFB87A78 /* Pods-BookMyTableTests.release.xcconfig */,
			);
			path = Pods;
			sourceTree = "<group>";
		};
		72F39D03F0AED4397257D1FA /* Frameworks */ = {
			isa = PBXGroup;
			children = (
				FBBC80B5247CA64A7B43904E /* Pods_BookMyTable.framework */,
				6CECB9B3B9128D06564CEEDE /* Pods_BookMyTable_BookMyTableUITests.framework */,
				A3D70020C58937F68D1C58A7 /* Pods_BookMyTableTests.framework */,
			);
			name = Frameworks;
			sourceTree = "<group>";
		};
		E55CFD0B29F85BC20022CF9B /* Map */ = {
			isa = PBXGroup;
			children = (
				E55CFD0C29F85BD90022CF9B /* MapViewController.swift */,
				E55CFD0E29F85BEC0022CF9B /* MapPresenter.swift */,
				E53C6A3F2A03EA4F002267D8 /* RestaurantTableViewCell.swift */,
				E53C6A412A03EBD9002267D8 /* RestaurantData.swift */,
			);
			path = Map;
			sourceTree = "<group>";
		};
		E55CFD1029F863AF0022CF9B /* Restaurant */ = {
			isa = PBXGroup;
			children = (
				E55B47F92A08F66800C16A85 /* RestaurantViewController.swift */,
				E55B47FF2A090BAC00C16A85 /* RestaurantDetailData.swift */,
				E55B48012A090CD400C16A85 /* MenuData.swift */,
				E57358432A093E71009315DB /* RestaurantView.swift */,
				E57358452A093F83009315DB /* MenuViewContoller.swift */,
				E573584D2A0949E0009315DB /* ReviewData.swift */,
			);
			path = Restaurant;
			sourceTree = "<group>";
		};
		E55CFD1129F863D70022CF9B /* Reservation */ = {
			isa = PBXGroup;
			children = (
				E55B47FB2A08F6A200C16A85 /* ReservationViewController.swift */,
				E55B47FD2A08F6CE00C16A85 /* StatusViewController.swift */,
				E55B48032A090E5700C16A85 /* ReservationData.swift */,
			);
			path = Reservation;
			sourceTree = "<group>";
		};
		E55CFD1229F864E00022CF9B /* MainTabBar */ = {
			isa = PBXGroup;
			children = (
			);
			path = MainTabBar;
			sourceTree = "<group>";
		};
		E55CFD1329F865440022CF9B /* Profile */ = {
			isa = PBXGroup;
			children = (
			);
			path = Profile;
			sourceTree = "<group>";
		};
		E572EF8C29A8939F002D9A85 /* Modules */ = {
			isa = PBXGroup;
			children = (
				E55CFD1329F865440022CF9B /* Profile */,
				E55CFD1229F864E00022CF9B /* MainTabBar */,
				E55CFD1129F863D70022CF9B /* Reservation */,
				E55CFD1029F863AF0022CF9B /* Restaurant */,
				E55CFD0B29F85BC20022CF9B /* Map */,
				E572EF9029A8BB77002D9A85 /* Auth */,
			);
			path = Modules;
			sourceTree = "<group>";
		};
		E572EF8D29A893BD002D9A85 /* Networking */ = {
			isa = PBXGroup;
			children = (
			);
			path = Networking;
			sourceTree = "<group>";
		};
		E572EF8E29A893D7002D9A85 /* CoreData */ = {
			isa = PBXGroup;
			children = (
				E5E09B6229A51A00001503BF /* BookMyTable.xcdatamodeld */,
			);
			path = CoreData;
			sourceTree = "<group>";
		};
		E572EF8F29A893E9002D9A85 /* App */ = {
			isa = PBXGroup;
			children = (
				E5E09B5B29A51A00001503BF /* SceneDelegate.swift */,
				E5E09B5929A51A00001503BF /* AppDelegate.swift */,
			);
			path = App;
			sourceTree = "<group>";
		};
		E572EF9029A8BB77002D9A85 /* Auth */ = {
			isa = PBXGroup;
			children = (
				E5E09B5D29A51A00001503BF /* RegistrationViewController.swift */,
				E5991E8629A905D90056DE75 /* RegistrationPresenter.swift */,
				E57358472A09430B009315DB /* AuthenticationViewController.swift */,
				E57358492A0946FF009315DB /* VerifyPhoneViewController.swift */,
				E573584B2A0947D7009315DB /* StartViewController.swift */,
			);
			path = Auth;
			sourceTree = "<group>";
		};
		E58727C629A90FF9003D054F /* View */ = {
			isa = PBXGroup;
			children = (
			);
			path = View;
			sourceTree = "<group>";
		};
		E5E09B4D29A51A00001503BF = {
			isa = PBXGroup;
			children = (
				E5E09B5829A51A00001503BF /* BookMyTable */,
				E5E09B7229A51A04001503BF /* BookMyTableTests */,
				E5E09B7C29A51A04001503BF /* BookMyTableUITests */,
				E5E09B5729A51A00001503BF /* Products */,
				158922DCF2F0802DB5E46A8E /* Pods */,
				72F39D03F0AED4397257D1FA /* Frameworks */,
			);
			sourceTree = "<group>";
		};
		E5E09B5729A51A00001503BF /* Products */ = {
			isa = PBXGroup;
			children = (
				E5E09B5629A51A00001503BF /* BookMyTable.app */,
				E5E09B6F29A51A04001503BF /* BookMyTableTests.xctest */,
				E5E09B7929A51A04001503BF /* BookMyTableUITests.xctest */,
			);
			name = Products;
			sourceTree = "<group>";
		};
		E5E09B5829A51A00001503BF /* BookMyTable */ = {
			isa = PBXGroup;
			children = (
				E5E09B6A29A51A03001503BF /* Info.plist */,
				E5CFB9C929FFDB490027619A /* Strings+Generated.swift */,
				E58727C629A90FF9003D054F /* View */,
				E572EF8F29A893E9002D9A85 /* App */,
				E572EF8E29A893D7002D9A85 /* CoreData */,
				E572EF8D29A893BD002D9A85 /* Networking */,
				E572EF8C29A8939F002D9A85 /* Modules */,
				E5E09B6529A51A03001503BF /* Assets.xcassets */,
				E5E09B6729A51A03001503BF /* LaunchScreen.storyboard */,
				E5CFB9C729FFD8520027619A /* Localizable.strings */,
			);
			path = BookMyTable;
			sourceTree = "<group>";
		};
		E5E09B7229A51A04001503BF /* BookMyTableTests */ = {
			isa = PBXGroup;
			children = (
				E5E09B7329A51A04001503BF /* BookMyTableTests.swift */,
			);
			path = BookMyTableTests;
			sourceTree = "<group>";
		};
		E5E09B7C29A51A04001503BF /* BookMyTableUITests */ = {
			isa = PBXGroup;
			children = (
				E5E09B7D29A51A04001503BF /* BookMyTableUITests.swift */,
				E5E09B7F29A51A04001503BF /* BookMyTableUITestsLaunchTests.swift */,
			);
			path = BookMyTableUITests;
			sourceTree = "<group>";
		};
/* End PBXGroup section */

/* Begin PBXNativeTarget section */
		E5E09B5529A51A00001503BF /* BookMyTable */ = {
			isa = PBXNativeTarget;
			buildConfigurationList = E5E09B8329A51A04001503BF /* Build configuration list for PBXNativeTarget "BookMyTable" */;
			buildPhases = (
				88C1FB490DE0DA5CECD6F2CD /* [CP] Check Pods Manifest.lock */,
				E5E09B5229A51A00001503BF /* Sources */,
				E5E09B5329A51A00001503BF /* Frameworks */,
				E5E09B5429A51A00001503BF /* Resources */,
				CBF51CAB9C744D575A1D4930 /* [CP] Embed Pods Frameworks */,
				E5CFB9CB29FFDD020027619A /* ShellScript */,
			);
			buildRules = (
			);
			dependencies = (
			);
			name = BookMyTable;
			productName = BookMyTable;
			productReference = E5E09B5629A51A00001503BF /* BookMyTable.app */;
			productType = "com.apple.product-type.application";
		};
		E5E09B6E29A51A04001503BF /* BookMyTableTests */ = {
			isa = PBXNativeTarget;
			buildConfigurationList = E5E09B8629A51A04001503BF /* Build configuration list for PBXNativeTarget "BookMyTableTests" */;
			buildPhases = (
				532FD9D743D8E0D0DA49B961 /* [CP] Check Pods Manifest.lock */,
				E5E09B6B29A51A04001503BF /* Sources */,
				E5E09B6C29A51A04001503BF /* Frameworks */,
				E5E09B6D29A51A04001503BF /* Resources */,
			);
			buildRules = (
			);
			dependencies = (
				E5E09B7129A51A04001503BF /* PBXTargetDependency */,
			);
			name = BookMyTableTests;
			productName = BookMyTableTests;
			productReference = E5E09B6F29A51A04001503BF /* BookMyTableTests.xctest */;
			productType = "com.apple.product-type.bundle.unit-test";
		};
		E5E09B7829A51A04001503BF /* BookMyTableUITests */ = {
			isa = PBXNativeTarget;
			buildConfigurationList = E5E09B8929A51A04001503BF /* Build configuration list for PBXNativeTarget "BookMyTableUITests" */;
			buildPhases = (
				3B94CC36380556D50C1892DD /* [CP] Check Pods Manifest.lock */,
				E5E09B7529A51A04001503BF /* Sources */,
				E5E09B7629A51A04001503BF /* Frameworks */,
				E5E09B7729A51A04001503BF /* Resources */,
				733A79C2E2FDA4B1BE2B4800 /* [CP] Embed Pods Frameworks */,
			);
			buildRules = (
			);
			dependencies = (
				E5E09B7B29A51A04001503BF /* PBXTargetDependency */,
			);
			name = BookMyTableUITests;
			productName = BookMyTableUITests;
			productReference = E5E09B7929A51A04001503BF /* BookMyTableUITests.xctest */;
			productType = "com.apple.product-type.bundle.ui-testing";
		};
/* End PBXNativeTarget section */

/* Begin PBXProject section */
		E5E09B4E29A51A00001503BF /* Project object */ = {
			isa = PBXProject;
			attributes = {
				BuildIndependentTargetsInParallel = 1;
				LastSwiftUpdateCheck = 1420;
				LastUpgradeCheck = 1420;
				TargetAttributes = {
					E5E09B5529A51A00001503BF = {
						CreatedOnToolsVersion = 14.2;
						LastSwiftMigration = 1420;
					};
					E5E09B6E29A51A04001503BF = {
						CreatedOnToolsVersion = 14.2;
						TestTargetID = E5E09B5529A51A00001503BF;
					};
					E5E09B7829A51A04001503BF = {
						CreatedOnToolsVersion = 14.2;
						TestTargetID = E5E09B5529A51A00001503BF;
					};
				};
			};
			buildConfigurationList = E5E09B5129A51A00001503BF /* Build configuration list for PBXProject "BookMyTable" */;
			compatibilityVersion = "Xcode 13.0";
			developmentRegion = en;
			hasScannedForEncodings = 0;
			knownRegions = (
				en,
				Base,
			);
			mainGroup = E5E09B4D29A51A00001503BF;
			productRefGroup = E5E09B5729A51A00001503BF /* Products */;
			projectDirPath = "";
			projectRoot = "";
			targets = (
				E5E09B5529A51A00001503BF /* BookMyTable */,
				E5E09B6E29A51A04001503BF /* BookMyTableTests */,
				E5E09B7829A51A04001503BF /* BookMyTableUITests */,
			);
		};
/* End PBXProject section */

/* Begin PBXResourcesBuildPhase section */
		E5E09B5429A51A00001503BF /* Resources */ = {
			isa = PBXResourcesBuildPhase;
			buildActionMask = 2147483647;
			files = (
				E5E09B6929A51A03001503BF /* LaunchScreen.storyboard in Resources */,
				E5CFB9C829FFD8520027619A /* Localizable.strings in Resources */,
				E5E09B6629A51A03001503BF /* Assets.xcassets in Resources */,
			);
			runOnlyForDeploymentPostprocessing = 0;
		};
		E5E09B6D29A51A04001503BF /* Resources */ = {
			isa = PBXResourcesBuildPhase;
			buildActionMask = 2147483647;
			files = (
			);
			runOnlyForDeploymentPostprocessing = 0;
		};
		E5E09B7729A51A04001503BF /* Resources */ = {
			isa = PBXResourcesBuildPhase;
			buildActionMask = 2147483647;
			files = (
			);
			runOnlyForDeploymentPostprocessing = 0;
		};
/* End PBXResourcesBuildPhase section */

/* Begin PBXShellScriptBuildPhase section */
		3B94CC36380556D50C1892DD /* [CP] Check Pods Manifest.lock */ = {
			isa = PBXShellScriptBuildPhase;
			buildActionMask = 2147483647;
			files = (
			);
			inputFileListPaths = (
			);
			inputPaths = (
				"${PODS_PODFILE_DIR_PATH}/Podfile.lock",
				"${PODS_ROOT}/Manifest.lock",
			);
			name = "[CP] Check Pods Manifest.lock";
			outputFileListPaths = (
			);
			outputPaths = (
				"$(DERIVED_FILE_DIR)/Pods-BookMyTable-BookMyTableUITests-checkManifestLockResult.txt",
			);
			runOnlyForDeploymentPostprocessing = 0;
			shellPath = /bin/sh;
			shellScript = "diff \"${PODS_PODFILE_DIR_PATH}/Podfile.lock\" \"${PODS_ROOT}/Manifest.lock\" > /dev/null\nif [ $? != 0 ] ; then\n    # print error to STDERR\n    echo \"error: The sandbox is not in sync with the Podfile.lock. Run 'pod install' or update your CocoaPods installation.\" >&2\n    exit 1\nfi\n# This output is used by Xcode 'outputs' to avoid re-running this script phase.\necho \"SUCCESS\" > \"${SCRIPT_OUTPUT_FILE_0}\"\n";
			showEnvVarsInLog = 0;
		};
		532FD9D743D8E0D0DA49B961 /* [CP] Check Pods Manifest.lock */ = {
			isa = PBXShellScriptBuildPhase;
			buildActionMask = 2147483647;
			files = (
			);
			inputFileListPaths = (
			);
			inputPaths = (
				"${PODS_PODFILE_DIR_PATH}/Podfile.lock",
				"${PODS_ROOT}/Manifest.lock",
			);
			name = "[CP] Check Pods Manifest.lock";
			outputFileListPaths = (
			);
			outputPaths = (
				"$(DERIVED_FILE_DIR)/Pods-BookMyTableTests-checkManifestLockResult.txt",
			);
			runOnlyForDeploymentPostprocessing = 0;
			shellPath = /bin/sh;
			shellScript = "diff \"${PODS_PODFILE_DIR_PATH}/Podfile.lock\" \"${PODS_ROOT}/Manifest.lock\" > /dev/null\nif [ $? != 0 ] ; then\n    # print error to STDERR\n    echo \"error: The sandbox is not in sync with the Podfile.lock. Run 'pod install' or update your CocoaPods installation.\" >&2\n    exit 1\nfi\n# This output is used by Xcode 'outputs' to avoid re-running this script phase.\necho \"SUCCESS\" > \"${SCRIPT_OUTPUT_FILE_0}\"\n";
			showEnvVarsInLog = 0;
		};
		733A79C2E2FDA4B1BE2B4800 /* [CP] Embed Pods Frameworks */ = {
			isa = PBXShellScriptBuildPhase;
			buildActionMask = 2147483647;
			files = (
			);
			inputFileListPaths = (
				"${PODS_ROOT}/Target Support Files/Pods-BookMyTable-BookMyTableUITests/Pods-BookMyTable-BookMyTableUITests-frameworks-${CONFIGURATION}-input-files.xcfilelist",
			);
			name = "[CP] Embed Pods Frameworks";
			outputFileListPaths = (
				"${PODS_ROOT}/Target Support Files/Pods-BookMyTable-BookMyTableUITests/Pods-BookMyTable-BookMyTableUITests-frameworks-${CONFIGURATION}-output-files.xcfilelist",
			);
			runOnlyForDeploymentPostprocessing = 0;
			shellPath = /bin/sh;
			shellScript = "\"${PODS_ROOT}/Target Support Files/Pods-BookMyTable-BookMyTableUITests/Pods-BookMyTable-BookMyTableUITests-frameworks.sh\"\n";
			showEnvVarsInLog = 0;
		};
		88C1FB490DE0DA5CECD6F2CD /* [CP] Check Pods Manifest.lock */ = {
			isa = PBXShellScriptBuildPhase;
			buildActionMask = 2147483647;
			files = (
			);
			inputFileListPaths = (
			);
			inputPaths = (
				"${PODS_PODFILE_DIR_PATH}/Podfile.lock",
				"${PODS_ROOT}/Manifest.lock",
			);
			name = "[CP] Check Pods Manifest.lock";
			outputFileListPaths = (
			);
			outputPaths = (
				"$(DERIVED_FILE_DIR)/Pods-BookMyTable-checkManifestLockResult.txt",
			);
			runOnlyForDeploymentPostprocessing = 0;
			shellPath = /bin/sh;
			shellScript = "diff \"${PODS_PODFILE_DIR_PATH}/Podfile.lock\" \"${PODS_ROOT}/Manifest.lock\" > /dev/null\nif [ $? != 0 ] ; then\n    # print error to STDERR\n    echo \"error: The sandbox is not in sync with the Podfile.lock. Run 'pod install' or update your CocoaPods installation.\" >&2\n    exit 1\nfi\n# This output is used by Xcode 'outputs' to avoid re-running this script phase.\necho \"SUCCESS\" > \"${SCRIPT_OUTPUT_FILE_0}\"\n";
			showEnvVarsInLog = 0;
		};
		CBF51CAB9C744D575A1D4930 /* [CP] Embed Pods Frameworks */ = {
			isa = PBXShellScriptBuildPhase;
			buildActionMask = 2147483647;
			files = (
			);
			inputFileListPaths = (
				"${PODS_ROOT}/Target Support Files/Pods-BookMyTable/Pods-BookMyTable-frameworks-${CONFIGURATION}-input-files.xcfilelist",
			);
			name = "[CP] Embed Pods Frameworks";
			outputFileListPaths = (
				"${PODS_ROOT}/Target Support Files/Pods-BookMyTable/Pods-BookMyTable-frameworks-${CONFIGURATION}-output-files.xcfilelist",
			);
			runOnlyForDeploymentPostprocessing = 0;
			shellPath = /bin/sh;
			shellScript = "\"${PODS_ROOT}/Target Support Files/Pods-BookMyTable/Pods-BookMyTable-frameworks.sh\"\n";
			showEnvVarsInLog = 0;
		};
		E5CFB9CB29FFDD020027619A /* ShellScript */ = {
			isa = PBXShellScriptBuildPhase;
			alwaysOutOfDate = 1;
			buildActionMask = 2147483647;
			files = (
			);
			inputFileListPaths = (
			);
			inputPaths = (
			);
			outputFileListPaths = (
			);
			outputPaths = (
			);
			runOnlyForDeploymentPostprocessing = 0;
			shellPath = /bin/sh;
			shellScript = "if which swiftgen >/dev/null; then\n  swiftgen\nelse\n  echo \"warning: SwiftGen not installed, download it from https://github.com/SwiftGen/SwiftGen\"\nfi\n";
			showEnvVarsInLog = 0;
		};
/* End PBXShellScriptBuildPhase section */

/* Begin PBXSourcesBuildPhase section */
		E5E09B5229A51A00001503BF /* Sources */ = {
			isa = PBXSourcesBuildPhase;
			buildActionMask = 2147483647;
			files = (
				E53C6A422A03EBD9002267D8 /* RestaurantData.swift in Sources */,
				E573584E2A0949E0009315DB /* ReviewData.swift in Sources */,
				E5E09B5E29A51A00001503BF /* RegistrationViewController.swift in Sources */,
				E55CFD0F29F85BEC0022CF9B /* MapPresenter.swift in Sources */,
				E55CFD0D29F85BD90022CF9B /* MapViewController.swift in Sources */,
				E5991E8729A905D90056DE75 /* RegistrationPresenter.swift in Sources */,
				E57358442A093E71009315DB /* RestaurantView.swift in Sources */,
				E5E09B6429A51A00001503BF /* BookMyTable.xcdatamodeld in Sources */,
				E55B47FE2A08F6CE00C16A85 /* StatusViewController.swift in Sources */,
				E573584C2A0947D7009315DB /* StartViewController.swift in Sources */,
				E55B48022A090CD400C16A85 /* MenuData.swift in Sources */,
				E55B48002A090BAC00C16A85 /* RestaurantDetailData.swift in Sources */,
				E5E09B5A29A51A00001503BF /* AppDelegate.swift in Sources */,
				E5CFB9CA29FFDB490027619A /* Strings+Generated.swift in Sources */,
				E53C6A402A03EA4F002267D8 /* RestaurantTableViewCell.swift in Sources */,
				E55B48042A090E5700C16A85 /* ReservationData.swift in Sources */,
				E57358462A093F83009315DB /* MenuViewContoller.swift in Sources */,
				E57358482A09430B009315DB /* AuthenticationViewController.swift in Sources */,
				E573584A2A0946FF009315DB /* VerifyPhoneViewController.swift in Sources */,
				E55B47FA2A08F66800C16A85 /* RestaurantViewController.swift in Sources */,
				E5E09B5C29A51A00001503BF /* SceneDelegate.swift in Sources */,
				E55B47FC2A08F6A200C16A85 /* ReservationViewController.swift in Sources */,
			);
			runOnlyForDeploymentPostprocessing = 0;
		};
		E5E09B6B29A51A04001503BF /* Sources */ = {
			isa = PBXSourcesBuildPhase;
			buildActionMask = 2147483647;
			files = (
				E5E09B7429A51A04001503BF /* BookMyTableTests.swift in Sources */,
			);
			runOnlyForDeploymentPostprocessing = 0;
		};
		E5E09B7529A51A04001503BF /* Sources */ = {
			isa = PBXSourcesBuildPhase;
			buildActionMask = 2147483647;
			files = (
				E5E09B8029A51A04001503BF /* BookMyTableUITestsLaunchTests.swift in Sources */,
				E5E09B7E29A51A04001503BF /* BookMyTableUITests.swift in Sources */,
			);
			runOnlyForDeploymentPostprocessing = 0;
		};
/* End PBXSourcesBuildPhase section */

/* Begin PBXTargetDependency section */
		E5E09B7129A51A04001503BF /* PBXTargetDependency */ = {
			isa = PBXTargetDependency;
			target = E5E09B5529A51A00001503BF /* BookMyTable */;
			targetProxy = E5E09B7029A51A04001503BF /* PBXContainerItemProxy */;
		};
		E5E09B7B29A51A04001503BF /* PBXTargetDependency */ = {
			isa = PBXTargetDependency;
			target = E5E09B5529A51A00001503BF /* BookMyTable */;
			targetProxy = E5E09B7A29A51A04001503BF /* PBXContainerItemProxy */;
		};
/* End PBXTargetDependency section */

/* Begin PBXVariantGroup section */
		E5E09B6729A51A03001503BF /* LaunchScreen.storyboard */ = {
			isa = PBXVariantGroup;
			children = (
				E5E09B6829A51A03001503BF /* Base */,
			);
			name = LaunchScreen.storyboard;
			sourceTree = "<group>";
		};
/* End PBXVariantGroup section */

/* Begin XCBuildConfiguration section */
		E5E09B8129A51A04001503BF /* Debug */ = {
			isa = XCBuildConfiguration;
			buildSettings = {
				ALWAYS_SEARCH_USER_PATHS = NO;
				CLANG_ANALYZER_NONNULL = YES;
				CLANG_ANALYZER_NUMBER_OBJECT_CONVERSION = YES_AGGRESSIVE;
				CLANG_CXX_LANGUAGE_STANDARD = "gnu++20";
				CLANG_ENABLE_MODULES = YES;
				CLANG_ENABLE_OBJC_ARC = YES;
				CLANG_ENABLE_OBJC_WEAK = YES;
				CLANG_WARN_BLOCK_CAPTURE_AUTORELEASING = YES;
				CLANG_WARN_BOOL_CONVERSION = YES;
				CLANG_WARN_COMMA = YES;
				CLANG_WARN_CONSTANT_CONVERSION = YES;
				CLANG_WARN_DEPRECATED_OBJC_IMPLEMENTATIONS = YES;
				CLANG_WARN_DIRECT_OBJC_ISA_USAGE = YES_ERROR;
				CLANG_WARN_DOCUMENTATION_COMMENTS = YES;
				CLANG_WARN_EMPTY_BODY = YES;
				CLANG_WARN_ENUM_CONVERSION = YES;
				CLANG_WARN_INFINITE_RECURSION = YES;
				CLANG_WARN_INT_CONVERSION = YES;
				CLANG_WARN_NON_LITERAL_NULL_CONVERSION = YES;
				CLANG_WARN_OBJC_IMPLICIT_RETAIN_SELF = YES;
				CLANG_WARN_OBJC_LITERAL_CONVERSION = YES;
				CLANG_WARN_OBJC_ROOT_CLASS = YES_ERROR;
				CLANG_WARN_QUOTED_INCLUDE_IN_FRAMEWORK_HEADER = YES;
				CLANG_WARN_RANGE_LOOP_ANALYSIS = YES;
				CLANG_WARN_STRICT_PROTOTYPES = YES;
				CLANG_WARN_SUSPICIOUS_MOVE = YES;
				CLANG_WARN_UNGUARDED_AVAILABILITY = YES_AGGRESSIVE;
				CLANG_WARN_UNREACHABLE_CODE = YES;
				CLANG_WARN__DUPLICATE_METHOD_MATCH = YES;
				COPY_PHASE_STRIP = NO;
				DEBUG_INFORMATION_FORMAT = dwarf;
				ENABLE_STRICT_OBJC_MSGSEND = YES;
				ENABLE_TESTABILITY = YES;
				GCC_C_LANGUAGE_STANDARD = gnu11;
				GCC_DYNAMIC_NO_PIC = NO;
				GCC_NO_COMMON_BLOCKS = YES;
				GCC_OPTIMIZATION_LEVEL = 0;
				GCC_PREPROCESSOR_DEFINITIONS = (
					"DEBUG=1",
					"$(inherited)",
				);
				GCC_WARN_64_TO_32_BIT_CONVERSION = YES;
				GCC_WARN_ABOUT_RETURN_TYPE = YES_ERROR;
				GCC_WARN_UNDECLARED_SELECTOR = YES;
				GCC_WARN_UNINITIALIZED_AUTOS = YES_AGGRESSIVE;
				GCC_WARN_UNUSED_FUNCTION = YES;
				GCC_WARN_UNUSED_VARIABLE = YES;
				IPHONEOS_DEPLOYMENT_TARGET = 16.2;
				MTL_ENABLE_DEBUG_INFO = INCLUDE_SOURCE;
				MTL_FAST_MATH = YES;
				ONLY_ACTIVE_ARCH = YES;
				SDKROOT = iphoneos;
				SWIFT_ACTIVE_COMPILATION_CONDITIONS = DEBUG;
				SWIFT_OPTIMIZATION_LEVEL = "-Onone";
			};
			name = Debug;
		};
		E5E09B8229A51A04001503BF /* Release */ = {
			isa = XCBuildConfiguration;
			buildSettings = {
				ALWAYS_SEARCH_USER_PATHS = NO;
				CLANG_ANALYZER_NONNULL = YES;
				CLANG_ANALYZER_NUMBER_OBJECT_CONVERSION = YES_AGGRESSIVE;
				CLANG_CXX_LANGUAGE_STANDARD = "gnu++20";
				CLANG_ENABLE_MODULES = YES;
				CLANG_ENABLE_OBJC_ARC = YES;
				CLANG_ENABLE_OBJC_WEAK = YES;
				CLANG_WARN_BLOCK_CAPTURE_AUTORELEASING = YES;
				CLANG_WARN_BOOL_CONVERSION = YES;
				CLANG_WARN_COMMA = YES;
				CLANG_WARN_CONSTANT_CONVERSION = YES;
				CLANG_WARN_DEPRECATED_OBJC_IMPLEMENTATIONS = YES;
				CLANG_WARN_DIRECT_OBJC_ISA_USAGE = YES_ERROR;
				CLANG_WARN_DOCUMENTATION_COMMENTS = YES;
				CLANG_WARN_EMPTY_BODY = YES;
				CLANG_WARN_ENUM_CONVERSION = YES;
				CLANG_WARN_INFINITE_RECURSION = YES;
				CLANG_WARN_INT_CONVERSION = YES;
				CLANG_WARN_NON_LITERAL_NULL_CONVERSION = YES;
				CLANG_WARN_OBJC_IMPLICIT_RETAIN_SELF = YES;
				CLANG_WARN_OBJC_LITERAL_CONVERSION = YES;
				CLANG_WARN_OBJC_ROOT_CLASS = YES_ERROR;
				CLANG_WARN_QUOTED_INCLUDE_IN_FRAMEWORK_HEADER = YES;
				CLANG_WARN_RANGE_LOOP_ANALYSIS = YES;
				CLANG_WARN_STRICT_PROTOTYPES = YES;
				CLANG_WARN_SUSPICIOUS_MOVE = YES;
				CLANG_WARN_UNGUARDED_AVAILABILITY = YES_AGGRESSIVE;
				CLANG_WARN_UNREACHABLE_CODE = YES;
				CLANG_WARN__DUPLICATE_METHOD_MATCH = YES;
				COPY_PHASE_STRIP = NO;
				DEBUG_INFORMATION_FORMAT = "dwarf-with-dsym";
				ENABLE_NS_ASSERTIONS = NO;
				ENABLE_STRICT_OBJC_MSGSEND = YES;
				GCC_C_LANGUAGE_STANDARD = gnu11;
				GCC_NO_COMMON_BLOCKS = YES;
				GCC_WARN_64_TO_32_BIT_CONVERSION = YES;
				GCC_WARN_ABOUT_RETURN_TYPE = YES_ERROR;
				GCC_WARN_UNDECLARED_SELECTOR = YES;
				GCC_WARN_UNINITIALIZED_AUTOS = YES_AGGRESSIVE;
				GCC_WARN_UNUSED_FUNCTION = YES;
				GCC_WARN_UNUSED_VARIABLE = YES;
				IPHONEOS_DEPLOYMENT_TARGET = 16.2;
				MTL_ENABLE_DEBUG_INFO = NO;
				MTL_FAST_MATH = YES;
				SDKROOT = iphoneos;
				SWIFT_COMPILATION_MODE = wholemodule;
				SWIFT_OPTIMIZATION_LEVEL = "-O";
				VALIDATE_PRODUCT = YES;
			};
			name = Release;
		};
		E5E09B8429A51A04001503BF /* Debug */ = {
			isa = XCBuildConfiguration;
			baseConfigurationReference = AB247AD67679FDE3F55420BF /* Pods-BookMyTable.debug.xcconfig */;
			buildSettings = {
				ASSETCATALOG_COMPILER_APPICON_NAME = AppIcon;
				ASSETCATALOG_COMPILER_GLOBAL_ACCENT_COLOR_NAME = AccentColor;
				CLANG_ENABLE_MODULES = YES;
				CODE_SIGN_STYLE = Automatic;
				CURRENT_PROJECT_VERSION = 1;
				GENERATE_INFOPLIST_FILE = YES;
				INFOPLIST_FILE = BookMyTable/Info.plist;
				INFOPLIST_KEY_UIApplicationSupportsIndirectInputEvents = YES;
				INFOPLIST_KEY_UILaunchStoryboardName = LaunchScreen;
				INFOPLIST_KEY_UISupportedInterfaceOrientations_iPad = "UIInterfaceOrientationPortrait UIInterfaceOrientationPortraitUpsideDown UIInterfaceOrientationLandscapeLeft UIInterfaceOrientationLandscapeRight";
				INFOPLIST_KEY_UISupportedInterfaceOrientations_iPhone = "UIInterfaceOrientationPortrait UIInterfaceOrientationLandscapeLeft UIInterfaceOrientationLandscapeRight";
				IPHONEOS_DEPLOYMENT_TARGET = 14.0;
				LD_RUNPATH_SEARCH_PATHS = (
					"$(inherited)",
					"@executable_path/Frameworks",
				);
				MARKETING_VERSION = 1.0;
				PRODUCT_BUNDLE_IDENTIFIER = evelina.BookMyTable;
				PRODUCT_NAME = "$(TARGET_NAME)";
				SWIFT_EMIT_LOC_STRINGS = YES;
				SWIFT_OPTIMIZATION_LEVEL = "-Onone";
				SWIFT_VERSION = 5.0;
				TARGETED_DEVICE_FAMILY = "1,2";
			};
			name = Debug;
		};
		E5E09B8529A51A04001503BF /* Release */ = {
			isa = XCBuildConfiguration;
			baseConfigurationReference = 27EEEBA33FC0BD6F12B9DBF6 /* Pods-BookMyTable.release.xcconfig */;
			buildSettings = {
				ASSETCATALOG_COMPILER_APPICON_NAME = AppIcon;
				ASSETCATALOG_COMPILER_GLOBAL_ACCENT_COLOR_NAME = AccentColor;
				CLANG_ENABLE_MODULES = YES;
				CODE_SIGN_STYLE = Automatic;
				CURRENT_PROJECT_VERSION = 1;
				GENERATE_INFOPLIST_FILE = YES;
				INFOPLIST_FILE = BookMyTable/Info.plist;
				INFOPLIST_KEY_UIApplicationSupportsIndirectInputEvents = YES;
				INFOPLIST_KEY_UILaunchStoryboardName = LaunchScreen;
				INFOPLIST_KEY_UISupportedInterfaceOrientations_iPad = "UIInterfaceOrientationPortrait UIInterfaceOrientationPortraitUpsideDown UIInterfaceOrientationLandscapeLeft UIInterfaceOrientationLandscapeRight";
				INFOPLIST_KEY_UISupportedInterfaceOrientations_iPhone = "UIInterfaceOrientationPortrait UIInterfaceOrientationLandscapeLeft UIInterfaceOrientationLandscapeRight";
				IPHONEOS_DEPLOYMENT_TARGET = 14.0;
				LD_RUNPATH_SEARCH_PATHS = (
					"$(inherited)",
					"@executable_path/Frameworks",
				);
				MARKETING_VERSION = 1.0;
				PRODUCT_BUNDLE_IDENTIFIER = evelina.BookMyTable;
				PRODUCT_NAME = "$(TARGET_NAME)";
				SWIFT_EMIT_LOC_STRINGS = YES;
				SWIFT_VERSION = 5.0;
				TARGETED_DEVICE_FAMILY = "1,2";
			};
			name = Release;
		};
		E5E09B8729A51A04001503BF /* Debug */ = {
			isa = XCBuildConfiguration;
			baseConfigurationReference = CBD366343A6309C016CE7727 /* Pods-BookMyTableTests.debug.xcconfig */;
			buildSettings = {
				ALWAYS_EMBED_SWIFT_STANDARD_LIBRARIES = YES;
				BUNDLE_LOADER = "$(TEST_HOST)";
				CODE_SIGN_STYLE = Automatic;
				CURRENT_PROJECT_VERSION = 1;
				GENERATE_INFOPLIST_FILE = YES;
				IPHONEOS_DEPLOYMENT_TARGET = 16.2;
				MARKETING_VERSION = 1.0;
				PRODUCT_BUNDLE_IDENTIFIER = evelina.BookMyTableTests;
				PRODUCT_NAME = "$(TARGET_NAME)";
				SWIFT_EMIT_LOC_STRINGS = NO;
				SWIFT_VERSION = 5.0;
				TARGETED_DEVICE_FAMILY = "1,2";
				TEST_HOST = "$(BUILT_PRODUCTS_DIR)/BookMyTable.app/$(BUNDLE_EXECUTABLE_FOLDER_PATH)/BookMyTable";
			};
			name = Debug;
		};
		E5E09B8829A51A04001503BF /* Release */ = {
			isa = XCBuildConfiguration;
			baseConfigurationReference = 6BBC41277B5ADBA6CFB87A78 /* Pods-BookMyTableTests.release.xcconfig */;
			buildSettings = {
				ALWAYS_EMBED_SWIFT_STANDARD_LIBRARIES = YES;
				BUNDLE_LOADER = "$(TEST_HOST)";
				CODE_SIGN_STYLE = Automatic;
				CURRENT_PROJECT_VERSION = 1;
				GENERATE_INFOPLIST_FILE = YES;
				IPHONEOS_DEPLOYMENT_TARGET = 16.2;
				MARKETING_VERSION = 1.0;
				PRODUCT_BUNDLE_IDENTIFIER = evelina.BookMyTableTests;
				PRODUCT_NAME = "$(TARGET_NAME)";
				SWIFT_EMIT_LOC_STRINGS = NO;
				SWIFT_VERSION = 5.0;
				TARGETED_DEVICE_FAMILY = "1,2";
				TEST_HOST = "$(BUILT_PRODUCTS_DIR)/BookMyTable.app/$(BUNDLE_EXECUTABLE_FOLDER_PATH)/BookMyTable";
			};
			name = Release;
		};
		E5E09B8A29A51A04001503BF /* Debug */ = {
			isa = XCBuildConfiguration;
			baseConfigurationReference = 4C5EC747486BE690FEEB7707 /* Pods-BookMyTable-BookMyTableUITests.debug.xcconfig */;
			buildSettings = {
				ALWAYS_EMBED_SWIFT_STANDARD_LIBRARIES = YES;
				CODE_SIGN_STYLE = Automatic;
				CURRENT_PROJECT_VERSION = 1;
				GENERATE_INFOPLIST_FILE = YES;
				MARKETING_VERSION = 1.0;
				PRODUCT_BUNDLE_IDENTIFIER = evelina.BookMyTableUITests;
				PRODUCT_NAME = "$(TARGET_NAME)";
				SWIFT_EMIT_LOC_STRINGS = NO;
				SWIFT_VERSION = 5.0;
				TARGETED_DEVICE_FAMILY = "1,2";
				TEST_TARGET_NAME = BookMyTable;
			};
			name = Debug;
		};
		E5E09B8B29A51A04001503BF /* Release */ = {
			isa = XCBuildConfiguration;
			baseConfigurationReference = 18C77DE7AD0B8EBCD3C21004 /* Pods-BookMyTable-BookMyTableUITests.release.xcconfig */;
			buildSettings = {
				ALWAYS_EMBED_SWIFT_STANDARD_LIBRARIES = YES;
				CODE_SIGN_STYLE = Automatic;
				CURRENT_PROJECT_VERSION = 1;
				GENERATE_INFOPLIST_FILE = YES;
				MARKETING_VERSION = 1.0;
				PRODUCT_BUNDLE_IDENTIFIER = evelina.BookMyTableUITests;
				PRODUCT_NAME = "$(TARGET_NAME)";
				SWIFT_EMIT_LOC_STRINGS = NO;
				SWIFT_VERSION = 5.0;
				TARGETED_DEVICE_FAMILY = "1,2";
				TEST_TARGET_NAME = BookMyTable;
			};
			name = Release;
		};
/* End XCBuildConfiguration section */

/* Begin XCConfigurationList section */
		E5E09B5129A51A00001503BF /* Build configuration list for PBXProject "BookMyTable" */ = {
			isa = XCConfigurationList;
			buildConfigurations = (
				E5E09B8129A51A04001503BF /* Debug */,
				E5E09B8229A51A04001503BF /* Release */,
			);
			defaultConfigurationIsVisible = 0;
			defaultConfigurationName = Release;
		};
		E5E09B8329A51A04001503BF /* Build configuration list for PBXNativeTarget "BookMyTable" */ = {
			isa = XCConfigurationList;
			buildConfigurations = (
				E5E09B8429A51A04001503BF /* Debug */,
				E5E09B8529A51A04001503BF /* Release */,
			);
			defaultConfigurationIsVisible = 0;
			defaultConfigurationName = Release;
		};
		E5E09B8629A51A04001503BF /* Build configuration list for PBXNativeTarget "BookMyTableTests" */ = {
			isa = XCConfigurationList;
			buildConfigurations = (
				E5E09B8729A51A04001503BF /* Debug */,
				E5E09B8829A51A04001503BF /* Release */,
			);
			defaultConfigurationIsVisible = 0;
			defaultConfigurationName = Release;
		};
		E5E09B8929A51A04001503BF /* Build configuration list for PBXNativeTarget "BookMyTableUITests" */ = {
			isa = XCConfigurationList;
			buildConfigurations = (
				E5E09B8A29A51A04001503BF /* Debug */,
				E5E09B8B29A51A04001503BF /* Release */,
			);
			defaultConfigurationIsVisible = 0;
			defaultConfigurationName = Release;
		};
/* End XCConfigurationList section */

/* Begin XCVersionGroup section */
		E5E09B6229A51A00001503BF /* BookMyTable.xcdatamodeld */ = {
			isa = XCVersionGroup;
			children = (
				E5E09B6329A51A00001503BF /* BookMyTable.xcdatamodel */,
			);
			currentVersion = E5E09B6329A51A00001503BF /* BookMyTable.xcdatamodel */;
			path = BookMyTable.xcdatamodeld;
			sourceTree = "<group>";
			versionGroupType = wrapper.xcdatamodel;
		};
/* End XCVersionGroup section */
	};
	rootObject = E5E09B4E29A51A00001503BF /* Project object */;
}
